
Microsoft Visual Studio Solution File, Format Version 11.00
# Visual Studio 2010
Project("{FAE04EC0-301F-11D3-BF4B-00C04F79EFBC}") = "SENG471-Prototype", "SENG471-Prototype\SENG471-Prototype.csproj", "{A46F508F-3EE8-4EE6-981A-E4C1AF56BF4D}"
EndProject
Global
	GlobalSection(SolutionConfigurationPlatforms) = preSolution
		Debug|x86 = Debug|x86
		Release|x86 = Release|x86
	EndGlobalSection
	GlobalSection(ProjectConfigurationPlatforms) = postSolution
		{A46F508F-3EE8-4EE6-981A-E4C1AF56BF4D}.Debug|x86.ActiveCfg = Debug|x86
		{A46F508F-3EE8-4EE6-981A-E4C1AF56BF4D}.Debug|x86.Build.0 = Debug|x86
		{A46F508F-3EE8-4EE6-981A-E4C1AF56BF4D}.Release|x86.ActiveCfg = Release|x86
		{A46F508F-3EE8-4EE6-981A-E4C1AF56BF4D}.Release|x86.Build.0 = Release|x86
	EndGlobalSection
	GlobalSection(SolutionProperties) = preSolution
		HideSolutionNode = FALSE
	EndGlobalSection
EndGlobal
